
Microsoft Visual Studio Solution File, Format Version 12.00
# Visual Studio Version 17
VisualStudioVersion = 17.7.34024.191
MinimumVisualStudioVersion = 10.0.40219.1
Project("{FAE04EC0-301F-11D3-BF4B-00C04F79EFBC}") = "TestSpace", "TestSpace\TestSpace.csproj", "{8D9069E8-3250-454F-BFA4-284E2783A0CC}"
	ProjectSection(ProjectDependencies) = postProject
		{31D24ACB-332F-4612-AFB0-B01CFA96DC2D} = {31D24ACB-332F-4612-AFB0-B01CFA96DC2D}
		{51E371DC-E8EB-4223-AFE1-3F823A36E134} = {51E371DC-E8EB-4223-AFE1-3F823A36E134}
		{BBE04410-B218-4221-91DD-0680D0E8E421} = {BBE04410-B218-4221-91DD-0680D0E8E421}
	EndProjectSection
EndProject
Project("{9A19103F-16F7-4668-BE54-9A1E7A4F7556}") = "Houzkin.Utility", "HouzkinUtility\Houzkin.Utility.csproj", "{BBE04410-B218-4221-91DD-0680D0E8E421}"
EndProject
Project("{9A19103F-16F7-4668-BE54-9A1E7A4F7556}") = "Houzkin.Tree", "Houzkin.Tree\Houzkin.Tree.csproj", "{51E371DC-E8EB-4223-AFE1-3F823A36E134}"
EndProject
Project("{9A19103F-16F7-4668-BE54-9A1E7A4F7556}") = "AppLogger", "AppLogger\AppLogger.csproj", "{26EFDEA6-13EB-4E14-A8B5-FCF9E8277DC7}"
EndProject
Project("{9A19103F-16F7-4668-BE54-9A1E7A4F7556}") = "Houzkin.Framework", "Houzkin.Framework\Houzkin.Framework.csproj", "{31D24ACB-332F-4612-AFB0-B01CFA96DC2D}"
EndProject
Project("{9A19103F-16F7-4668-BE54-9A1E7A4F7556}") = "TestProject", "TestProject\TestProject.csproj", "{260F7873-ED42-445A-8987-184579DF2E25}"
EndProject
Project("{9A19103F-16F7-4668-BE54-9A1E7A4F7556}") = "TestWPF", "TestWPF\TestWPF.csproj", "{00823D31-3624-46F5-BC02-45BB411111F3}"
EndProject
Project("{FAE04EC0-301F-11D3-BF4B-00C04F79EFBC}") = "Houzkin.Architecture", "HouzkinArchitecture\Houzkin.Architecture.csproj", "{194DE8C1-B033-4909-AF59-291C6F18E0C0}"
EndProject
Global
	GlobalSection(SolutionConfigurationPlatforms) = preSolution
		Debug|Any CPU = Debug|Any CPU
		Release|Any CPU = Release|Any CPU
	EndGlobalSection
	GlobalSection(ProjectConfigurationPlatforms) = postSolution
		{8D9069E8-3250-454F-BFA4-284E2783A0CC}.Debug|Any CPU.ActiveCfg = Debug|Any CPU
		{8D9069E8-3250-454F-BFA4-284E2783A0CC}.Debug|Any CPU.Build.0 = Debug|Any CPU
		{8D9069E8-3250-454F-BFA4-284E2783A0CC}.Release|Any CPU.ActiveCfg = Release|Any CPU
		{8D9069E8-3250-454F-BFA4-284E2783A0CC}.Release|Any CPU.Build.0 = Release|Any CPU
		{BBE04410-B218-4221-91DD-0680D0E8E421}.Debug|Any CPU.ActiveCfg = Debug|Any CPU
		{BBE04410-B218-4221-91DD-0680D0E8E421}.Debug|Any CPU.Build.0 = Debug|Any CPU
		{BBE04410-B218-4221-91DD-0680D0E8E421}.Release|Any CPU.ActiveCfg = Release|Any CPU
		{BBE04410-B218-4221-91DD-0680D0E8E421}.Release|Any CPU.Build.0 = Release|Any CPU
		{51E371DC-E8EB-4223-AFE1-3F823A36E134}.Debug|Any CPU.ActiveCfg = Debug|Any CPU
		{51E371DC-E8EB-4223-AFE1-3F823A36E134}.Debug|Any CPU.Build.0 = Debug|Any CPU
		{51E371DC-E8EB-4223-AFE1-3F823A36E134}.Release|Any CPU.ActiveCfg = Release|Any CPU
		{51E371DC-E8EB-4223-AFE1-3F823A36E134}.Release|Any CPU.Build.0 = Release|Any CPU
		{26EFDEA6-13EB-4E14-A8B5-FCF9E8277DC7}.Debug|Any CPU.ActiveCfg = Debug|Any CPU
		{26EFDEA6-13EB-4E14-A8B5-FCF9E8277DC7}.Debug|Any CPU.Build.0 = Debug|Any CPU
		{26EFDEA6-13EB-4E14-A8B5-FCF9E8277DC7}.Release|Any CPU.ActiveCfg = Release|Any CPU
		{26EFDEA6-13EB-4E14-A8B5-FCF9E8277DC7}.Release|Any CPU.Build.0 = Release|Any CPU
		{31D24ACB-332F-4612-AFB0-B01CFA96DC2D}.Debug|Any CPU.ActiveCfg = Debug|Any CPU
		{31D24ACB-332F-4612-AFB0-B01CFA96DC2D}.Debug|Any CPU.Build.0 = Debug|Any CPU
		{31D24ACB-332F-4612-AFB0-B01CFA96DC2D}.Release|Any CPU.ActiveCfg = Release|Any CPU
		{31D24ACB-332F-4612-AFB0-B01CFA96DC2D}.Release|Any CPU.Build.0 = Release|Any CPU
		{260F7873-ED42-445A-8987-184579DF2E25}.Debug|Any CPU.ActiveCfg = Debug|Any CPU
		{260F7873-ED42-445A-8987-184579DF2E25}.Debug|Any CPU.Build.0 = Debug|Any CPU
		{260F7873-ED42-445A-8987-184579DF2E25}.Release|Any CPU.ActiveCfg = Release|Any CPU
		{260F7873-ED42-445A-8987-184579DF2E25}.Release|Any CPU.Build.0 = Release|Any CPU
		{00823D31-3624-46F5-BC02-45BB411111F3}.Debug|Any CPU.ActiveCfg = Debug|Any CPU
		{00823D31-3624-46F5-BC02-45BB411111F3}.Debug|Any CPU.Build.0 = Debug|Any CPU
		{00823D31-3624-46F5-BC02-45BB411111F3}.Release|Any CPU.ActiveCfg = Release|Any CPU
		{00823D31-3624-46F5-BC02-45BB411111F3}.Release|Any CPU.Build.0 = Release|Any CPU
		{194DE8C1-B033-4909-AF59-291C6F18E0C0}.Debug|Any CPU.ActiveCfg = Debug|Any CPU
		{194DE8C1-B033-4909-AF59-291C6F18E0C0}.Debug|Any CPU.Build.0 = Debug|Any CPU
		{194DE8C1-B033-4909-AF59-291C6F18E0C0}.Release|Any CPU.ActiveCfg = Release|Any CPU
		{194DE8C1-B033-4909-AF59-291C6F18E0C0}.Release|Any CPU.Build.0 = Release|Any CPU
	EndGlobalSection
	GlobalSection(SolutionProperties) = preSolution
		HideSolutionNode = FALSE
	EndGlobalSection
	GlobalSection(ExtensibilityGlobals) = postSolution
		SolutionGuid = {178B6DCA-0482-4652-A5D7-C5E2E728F269}
	EndGlobalSection
EndGlobal
